
Microsoft Visual Studio Solution File, Format Version 12.00
# Visual Studio 15
VisualStudioVersion = 15.0.28010.2003
MinimumVisualStudioVersion = 10.0.40219.1
Project("{FAE04EC0-301F-11D3-BF4B-00C04F79EFBC}") = "Lab1", "Lab1\Lab1.csproj", "{339110CE-7511-44FC-95F4-30E092C31A60}"
EndProject
Global
	GlobalSection(SolutionConfigurationPlatforms) = preSolution
		Debug|Any CPU = Debug|Any CPU
		Release|Any CPU = Release|Any CPU
	EndGlobalSection
	GlobalSection(ProjectConfigurationPlatforms) = postSolution
		{339110CE-7511-44FC-95F4-30E092C31A60}.Debug|Any CPU.ActiveCfg = Debug|Any CPU
		{339110CE-7511-44FC-95F4-30E092C31A60}.Debug|Any CPU.Build.0 = Debug|Any CPU
		{339110CE-7511-44FC-95F4-30E092C31A60}.Release|Any CPU.ActiveCfg = Release|Any CPU
		{339110CE-7511-44FC-95F4-30E092C31A60}.Release|Any CPU.Build.0 = Release|Any CPU
	EndGlobalSection
	GlobalSection(SolutionProperties) = preSolution
		HideSolutionNode = FALSE
	EndGlobalSection
	GlobalSection(ExtensibilityGlobals) = postSolution
		SolutionGuid = {D232CEEA-9336-4649-BD04-2F32136EBE15}
	EndGlobalSection
EndGlobal
